<?xml version="1.0" encoding="UTF-8" standalone="yes" ?>
<CodeBlocks_project_file>
	<FileVersion major="1" minor="6" />
	<Project>
		<Option title="A2Matrix_DOUBLE" />
		<Option pch_mode="2" />
		<Option compiler="gcc" />
		<Build>
			<Target title="Debug">
				<Option output="bin/Debug/A2Matrix_DOUBLE" prefix_auto="1" extension_auto="1" />
				<Option object_output="obj/Debug/" />
				<Option type="1" />
				<Option compiler="gcc" />
				<Compiler>
					<Add option="-g" />
				</Compiler>
			</Target>
			<Target title="Release">
				<Option output="bin/Release/A2Matrix_DOUBLE" prefix_auto="1" extension_auto="1" />
				<Option object_output="obj/Release/" />
				<Option type="1" />
				<Option compiler="gcc" />
				<Compiler>
					<Add option="-O2" />
				</Compiler>
				<Linker>
					<Add option="-s" />
				</Linker>
			</Target>
		</Build>
		<Compiler>
			<Add option="-Wall" />
		</Compiler>
		<Unit filename="A2Matrix_DOUBLE.h" />
		<Unit filename="NOTequal_DOULBE.c">
			<Option compilerVar="CC" />
		</Unit>
		<Unit filename="additionFactor_DOUBLE.c">
			<Option compilerVar="CC" />
		</Unit>
		<Unit filename="addtion_DOUBLE.c">
			<Option compilerVar="CC" />
		</Unit>
		<Unit filename="contain_DOUBLE.c">
			<Option compilerVar="CC" />
		</Unit>
		<Unit filename="delCol_DOUBLE.c">
			<Option compilerVar="CC" />
		</Unit>
		<Unit filename="delRCcoFactor_DOUBLE.c">
			<Option compilerVar="CC" />
		</Unit>
		<Unit filename="delRow_DOUBLE.c">
			<Option compilerVar="CC" />
		</Unit>
		<Unit filename="det2_DOUBLE.c">
			<Option compilerVar="CC" />
		</Unit>
		<Unit filename="det_DOUBLE.c">
			<Option compilerVar="CC" />
		</Unit>
		<Unit filename="divisionFactor_DOUBLE.c">
			<Option compilerVar="CC" />
		</Unit>
		<Unit filename="enterIndex_DOULBE.c">
			<Option compilerVar="CC" />
		</Unit>
		<Unit filename="enterRC_DOUBLE.c">
			<Option compilerVar="CC" />
		</Unit>
		<Unit filename="equal_DOUBLE.c">
			<Option compilerVar="CC" />
		</Unit>
		<Unit filename="main.c">
			<Option compilerVar="CC" />
		</Unit>
		<Unit filename="multiplicationFactor_DOUBLE.c">
			<Option compilerVar="CC" />
		</Unit>
		<Unit filename="print_DOUBLE.c">
			<Option compilerVar="CC" />
		</Unit>
		<Unit filename="product_DOUBLE.c">
			<Option compilerVar="CC" />
		</Unit>
		<Unit filename="relationFactor_DOUBLE.c">
			<Option compilerVar="CC" />
		</Unit>
		<Unit filename="subtractionFactor_DOUBLE.c">
			<Option compilerVar="CC" />
		</Unit>
		<Unit filename="subtraction_DOUBLE.c">
			<Option compilerVar="CC" />
		</Unit>
		<Unit filename="symmetric_DOUBLE.c">
			<Option compilerVar="CC" />
		</Unit>
		<Unit filename="thesame_DOUBLE.c">
			<Option compilerVar="CC" />
		</Unit>
		<Unit filename="transpose_DOUBLE.c">
			<Option compilerVar="CC" />
		</Unit>
		<Extensions>
			<code_completion />
			<envvars />
			<debugger />
			<lib_finder disable_auto="1" />
		</Extensions>
	</Project>
</CodeBlocks_project_file>
